
Microsoft Visual Studio Solution File, Format Version 12.00
# Visual Studio Version 17
VisualStudioVersion = 17.10.35013.160
MinimumVisualStudioVersion = 10.0.40219.1
Project("{FAE04EC0-301F-11D3-BF4B-00C04F79EFBC}") = "TasksApp", "TasksApp\TasksApp.csproj", "{AAF45261-40A5-4A50-896E-E12515CA1BDD}"
EndProject
Global
	GlobalSection(SolutionConfigurationPlatforms) = preSolution
		Debug|Any CPU = Debug|Any CPU
		Release|Any CPU = Release|Any CPU
	EndGlobalSection
	GlobalSection(ProjectConfigurationPlatforms) = postSolution
		{AAF45261-40A5-4A50-896E-E12515CA1BDD}.Debug|Any CPU.ActiveCfg = Debug|Any CPU
		{AAF45261-40A5-4A50-896E-E12515CA1BDD}.Debug|Any CPU.Build.0 = Debug|Any CPU
		{AAF45261-40A5-4A50-896E-E12515CA1BDD}.Release|Any CPU.ActiveCfg = Release|Any CPU
		{AAF45261-40A5-4A50-896E-E12515CA1BDD}.Release|Any CPU.Build.0 = Release|Any CPU
	EndGlobalSection
	GlobalSection(SolutionProperties) = preSolution
		HideSolutionNode = FALSE
	EndGlobalSection
	GlobalSection(ExtensibilityGlobals) = postSolution
		SolutionGuid = {A7AC8C17-0AE9-44B1-A309-277D1EEFD1BB}
	EndGlobalSection
EndGlobal
